
Microsoft Visual Studio Solution File, Format Version 12.00
# Visual Studio 15
VisualStudioVersion = 15.0.28307.421
MinimumVisualStudioVersion = 10.0.40219.1
Project("{FAE04EC0-301F-11D3-BF4B-00C04F79EFBC}") = "AutomatedTellerMachine", "AutomatedTellerMachine\AutomatedTellerMachine.csproj", "{FD4C27CF-3668-4DC3-AF4F-8DE374DBC26E}"
EndProject
Project("{FAE04EC0-301F-11D3-BF4B-00C04F79EFBC}") = "AutomatedTellerMachine.Tests", "AutomatedTellerMachine.Tests\AutomatedTellerMachine.Tests.csproj", "{6047A915-862D-4C11-A148-924DE71627D4}"
EndProject
Global
	GlobalSection(SolutionConfigurationPlatforms) = preSolution
		Debug|Any CPU = Debug|Any CPU
		Release|Any CPU = Release|Any CPU
	EndGlobalSection
	GlobalSection(ProjectConfigurationPlatforms) = postSolution
		{FD4C27CF-3668-4DC3-AF4F-8DE374DBC26E}.Debug|Any CPU.ActiveCfg = Debug|Any CPU
		{FD4C27CF-3668-4DC3-AF4F-8DE374DBC26E}.Debug|Any CPU.Build.0 = Debug|Any CPU
		{FD4C27CF-3668-4DC3-AF4F-8DE374DBC26E}.Release|Any CPU.ActiveCfg = Release|Any CPU
		{FD4C27CF-3668-4DC3-AF4F-8DE374DBC26E}.Release|Any CPU.Build.0 = Release|Any CPU
		{6047A915-862D-4C11-A148-924DE71627D4}.Debug|Any CPU.ActiveCfg = Debug|Any CPU
		{6047A915-862D-4C11-A148-924DE71627D4}.Debug|Any CPU.Build.0 = Debug|Any CPU
		{6047A915-862D-4C11-A148-924DE71627D4}.Release|Any CPU.ActiveCfg = Release|Any CPU
		{6047A915-862D-4C11-A148-924DE71627D4}.Release|Any CPU.Build.0 = Release|Any CPU
	EndGlobalSection
	GlobalSection(SolutionProperties) = preSolution
		HideSolutionNode = FALSE
	EndGlobalSection
	GlobalSection(ExtensibilityGlobals) = postSolution
		SolutionGuid = {BC989A6F-84D4-45EA-9B9B-DAFD8A348367}
	EndGlobalSection
EndGlobal
